<?xml version="1.0" encoding="UTF-8"?>
<Scheme
   version = "1.3">
   <BuildAction>
      <BuildActionEntries>
         <BuildActionEntry
            buildForRunning = "YES">
            <BuildableReference
               BuildableIdentifier = "primary"
               BlueprintIdentifier = "421E899A200CA75C0004234E"
               BuildableName = "Emoji Dictionary.app"
               BlueprintName = "Emoji Dictionary"
               ReferencedContainer = "container:Emoji Dictionary.xcodeproj">
            </BuildableReference>
         </BuildActionEntry>
      </BuildActionEntries>
   </BuildAction>
   <LaunchAction
      useCustomWorkingDirectory = "NO"
      buildConfiguration = "Debug">
      <BuildableProductRunnable>
         <BuildableReference
            BuildableIdentifier = "primary"
            BlueprintIdentifier = "421E899A200CA75C0004234E"
            BuildableName = "Emoji Dictionary.app"
            BlueprintName = "Emoji Dictionary"
            ReferencedContainer = "container:Emoji Dictionary.xcodeproj">
         </BuildableReference>
      </BuildableProductRunnable>
   </LaunchAction>
</Scheme>
